
Microsoft Visual Studio Solution File, Format Version 12.00
# Visual Studio Version 17
VisualStudioVersion = 17.5.33530.505
MinimumVisualStudioVersion = 10.0.40219.1
Project("{54A90642-561A-4BB1-A94E-469ADEE60C69}") = "Classify_WebSite_BrunoMatias", "Classify_WebSite_BrunoMatias\Classify_WebSite_BrunoMatias.esproj", "{09068E63-9749-4BAF-A77A-C0F6685F3522}"
EndProject
Global
	GlobalSection(SolutionConfigurationPlatforms) = preSolution
		Debug|Any CPU = Debug|Any CPU
		Release|Any CPU = Release|Any CPU
	EndGlobalSection
	GlobalSection(ProjectConfigurationPlatforms) = postSolution
		{09068E63-9749-4BAF-A77A-C0F6685F3522}.Debug|Any CPU.ActiveCfg = Debug|Any CPU
		{09068E63-9749-4BAF-A77A-C0F6685F3522}.Debug|Any CPU.Build.0 = Debug|Any CPU
		{09068E63-9749-4BAF-A77A-C0F6685F3522}.Debug|Any CPU.Deploy.0 = Debug|Any CPU
		{09068E63-9749-4BAF-A77A-C0F6685F3522}.Release|Any CPU.ActiveCfg = Release|Any CPU
		{09068E63-9749-4BAF-A77A-C0F6685F3522}.Release|Any CPU.Build.0 = Release|Any CPU
		{09068E63-9749-4BAF-A77A-C0F6685F3522}.Release|Any CPU.Deploy.0 = Release|Any CPU
	EndGlobalSection
	GlobalSection(SolutionProperties) = preSolution
		HideSolutionNode = FALSE
	EndGlobalSection
	GlobalSection(ExtensibilityGlobals) = postSolution
		SolutionGuid = {38F1D872-7D48-4E95-ADDE-87D4E315AFDE}
	EndGlobalSection
EndGlobal
